
Microsoft Visual Studio Solution File, Format Version 12.00
# Visual Studio Version 16
VisualStudioVersion = 16.0.28803.202
MinimumVisualStudioVersion = 10.0.40219.1
Project("{FAE04EC0-301F-11D3-BF4B-00C04F79EFBC}") = "ColorBasics-WPF", "ColorBasics-WPF.csproj", "{4467C0A4-9040-48BF-B9B7-911A4148D013}"
	ProjectSection(ProjectDependencies) = postProject
		{8ACF5F81-38B0-42A4-B745-CEC7CCCB8E15} = {8ACF5F81-38B0-42A4-B745-CEC7CCCB8E15}
	EndProjectSection
EndProject
Project("{9A19103F-16F7-4668-BE54-9A1E7A4F7556}") = "WhatsappMessager", "WhatsappMessager\WhatsappMessager.csproj", "{2C6DBDC8-A73F-4076-BAA6-65A85F524F9E}"
EndProject
Project("{FAE04EC0-301F-11D3-BF4B-00C04F79EFBC}") = "TestFaceAPI", "..\..\..\..\..\source\repos\FaceDetection\TestFaceAPI\TestFaceAPI.csproj", "{8ACF5F81-38B0-42A4-B745-CEC7CCCB8E15}"
	ProjectSection(ProjectDependencies) = postProject
		{2C6DBDC8-A73F-4076-BAA6-65A85F524F9E} = {2C6DBDC8-A73F-4076-BAA6-65A85F524F9E}
	EndProjectSection
EndProject
Project("{FAE04EC0-301F-11D3-BF4B-00C04F79EFBC}") = "SpeechProcessor", "..\SpeechProcessor\SpeechProcessor.csproj", "{A060D410-2528-4D7F-95A2-8E0E933B7F1E}"
EndProject
Global
	GlobalSection(SolutionConfigurationPlatforms) = preSolution
		Debug|Any CPU = Debug|Any CPU
		Release|Any CPU = Release|Any CPU
	EndGlobalSection
	GlobalSection(ProjectConfigurationPlatforms) = postSolution
		{4467C0A4-9040-48BF-B9B7-911A4148D013}.Debug|Any CPU.ActiveCfg = Debug|Any CPU
		{4467C0A4-9040-48BF-B9B7-911A4148D013}.Debug|Any CPU.Build.0 = Debug|Any CPU
		{4467C0A4-9040-48BF-B9B7-911A4148D013}.Release|Any CPU.ActiveCfg = Release|Any CPU
		{4467C0A4-9040-48BF-B9B7-911A4148D013}.Release|Any CPU.Build.0 = Release|Any CPU
		{2C6DBDC8-A73F-4076-BAA6-65A85F524F9E}.Debug|Any CPU.ActiveCfg = Debug|Any CPU
		{2C6DBDC8-A73F-4076-BAA6-65A85F524F9E}.Debug|Any CPU.Build.0 = Debug|Any CPU
		{2C6DBDC8-A73F-4076-BAA6-65A85F524F9E}.Release|Any CPU.ActiveCfg = Release|Any CPU
		{2C6DBDC8-A73F-4076-BAA6-65A85F524F9E}.Release|Any CPU.Build.0 = Release|Any CPU
		{8ACF5F81-38B0-42A4-B745-CEC7CCCB8E15}.Debug|Any CPU.ActiveCfg = Debug|Any CPU
		{8ACF5F81-38B0-42A4-B745-CEC7CCCB8E15}.Debug|Any CPU.Build.0 = Debug|Any CPU
		{8ACF5F81-38B0-42A4-B745-CEC7CCCB8E15}.Release|Any CPU.ActiveCfg = Release|Any CPU
		{8ACF5F81-38B0-42A4-B745-CEC7CCCB8E15}.Release|Any CPU.Build.0 = Release|Any CPU
		{A060D410-2528-4D7F-95A2-8E0E933B7F1E}.Debug|Any CPU.ActiveCfg = Debug|Any CPU
		{A060D410-2528-4D7F-95A2-8E0E933B7F1E}.Debug|Any CPU.Build.0 = Debug|Any CPU
		{A060D410-2528-4D7F-95A2-8E0E933B7F1E}.Release|Any CPU.ActiveCfg = Release|Any CPU
		{A060D410-2528-4D7F-95A2-8E0E933B7F1E}.Release|Any CPU.Build.0 = Release|Any CPU
	EndGlobalSection
	GlobalSection(SolutionProperties) = preSolution
		HideSolutionNode = FALSE
	EndGlobalSection
	GlobalSection(ExtensibilityGlobals) = postSolution
		SolutionGuid = {B0222C60-E251-488E-947E-1DF5FC3DCA12}
	EndGlobalSection
EndGlobal
