
Microsoft Visual Studio Solution File, Format Version 12.00
# Visual Studio 15
VisualStudioVersion = 15.0.28307.421
MinimumVisualStudioVersion = 10.0.40219.1
Project("{FAE04EC0-301F-11D3-BF4B-00C04F79EFBC}") = "TestFaceAPI", "TestFaceAPI\TestFaceAPI.csproj", "{8ACF5F81-38B0-42A4-B745-CEC7CCCB8E15}"
EndProject
Global
	GlobalSection(SolutionConfigurationPlatforms) = preSolution
		Debug|Any CPU = Debug|Any CPU
		Release|Any CPU = Release|Any CPU
	EndGlobalSection
	GlobalSection(ProjectConfigurationPlatforms) = postSolution
		{8ACF5F81-38B0-42A4-B745-CEC7CCCB8E15}.Debug|Any CPU.ActiveCfg = Debug|Any CPU
		{8ACF5F81-38B0-42A4-B745-CEC7CCCB8E15}.Debug|Any CPU.Build.0 = Debug|Any CPU
		{8ACF5F81-38B0-42A4-B745-CEC7CCCB8E15}.Release|Any CPU.ActiveCfg = Release|Any CPU
		{8ACF5F81-38B0-42A4-B745-CEC7CCCB8E15}.Release|Any CPU.Build.0 = Release|Any CPU
	EndGlobalSection
	GlobalSection(SolutionProperties) = preSolution
		HideSolutionNode = FALSE
	EndGlobalSection
	GlobalSection(ExtensibilityGlobals) = postSolution
		SolutionGuid = {CB3C8DE3-2765-41CB-A1D0-D9BD528802EE}
	EndGlobalSection
EndGlobal
